
Microsoft Visual Studio Solution File, Format Version 12.00
# Visual Studio Version 17
VisualStudioVersion = 17.8.34219.65
MinimumVisualStudioVersion = 10.0.40219.1
Project("{FAE04EC0-301F-11D3-BF4B-00C04F79EFBC}") = "Bills.Api", "Bills.Api\Bills.Api.csproj", "{16604B0E-70EA-4CE3-AC27-1A831D413A7B}"
EndProject
Project("{2150E333-8FDC-42A3-9474-1A3956D46DE8}") = "Data", "Data", "{AB653117-2A7A-4C0B-8943-09BA1CF7C354}"
EndProject
Project("{2150E333-8FDC-42A3-9474-1A3956D46DE8}") = "Services", "Services", "{87747D87-AAA5-4DB4-9E07-D5D83814FF47}"
EndProject
Project("{FAE04EC0-301F-11D3-BF4B-00C04F79EFBC}") = "Bills.Data", "Bills.Data\Bills.Data.csproj", "{B4137A0B-4BF2-49F3-9727-33E4BF76B028}"
EndProject
Project("{FAE04EC0-301F-11D3-BF4B-00C04F79EFBC}") = "Bills.Services", "Bills.Services\Bills.Services.csproj", "{00A649FD-1CEB-4158-A420-A33E9C7BB9EC}"
EndProject
Global
	GlobalSection(SolutionConfigurationPlatforms) = preSolution
		Debug|Any CPU = Debug|Any CPU
		Release|Any CPU = Release|Any CPU
	EndGlobalSection
	GlobalSection(ProjectConfigurationPlatforms) = postSolution
		{16604B0E-70EA-4CE3-AC27-1A831D413A7B}.Debug|Any CPU.ActiveCfg = Debug|Any CPU
		{16604B0E-70EA-4CE3-AC27-1A831D413A7B}.Debug|Any CPU.Build.0 = Debug|Any CPU
		{16604B0E-70EA-4CE3-AC27-1A831D413A7B}.Release|Any CPU.ActiveCfg = Release|Any CPU
		{16604B0E-70EA-4CE3-AC27-1A831D413A7B}.Release|Any CPU.Build.0 = Release|Any CPU
		{B4137A0B-4BF2-49F3-9727-33E4BF76B028}.Debug|Any CPU.ActiveCfg = Debug|Any CPU
		{B4137A0B-4BF2-49F3-9727-33E4BF76B028}.Debug|Any CPU.Build.0 = Debug|Any CPU
		{B4137A0B-4BF2-49F3-9727-33E4BF76B028}.Release|Any CPU.ActiveCfg = Release|Any CPU
		{B4137A0B-4BF2-49F3-9727-33E4BF76B028}.Release|Any CPU.Build.0 = Release|Any CPU
		{00A649FD-1CEB-4158-A420-A33E9C7BB9EC}.Debug|Any CPU.ActiveCfg = Debug|Any CPU
		{00A649FD-1CEB-4158-A420-A33E9C7BB9EC}.Debug|Any CPU.Build.0 = Debug|Any CPU
		{00A649FD-1CEB-4158-A420-A33E9C7BB9EC}.Release|Any CPU.ActiveCfg = Release|Any CPU
		{00A649FD-1CEB-4158-A420-A33E9C7BB9EC}.Release|Any CPU.Build.0 = Release|Any CPU
	EndGlobalSection
	GlobalSection(SolutionProperties) = preSolution
		HideSolutionNode = FALSE
	EndGlobalSection
	GlobalSection(NestedProjects) = preSolution
		{B4137A0B-4BF2-49F3-9727-33E4BF76B028} = {AB653117-2A7A-4C0B-8943-09BA1CF7C354}
		{00A649FD-1CEB-4158-A420-A33E9C7BB9EC} = {87747D87-AAA5-4DB4-9E07-D5D83814FF47}
	EndGlobalSection
	GlobalSection(ExtensibilityGlobals) = postSolution
		SolutionGuid = {97872BAD-C7BB-4DC0-BA67-649AAA3F1313}
	EndGlobalSection
EndGlobal
